// !$*UTF8*$!
{
	archiveVersion = 1;
	classes = {
	};
	objectVersion = 50;
	objects = {

/* Begin PBXBuildFile section */
		7816660D218EDC65007F0AAF /* Logger.swift in Sources */ = {isa = PBXBuildFile; fileRef = 7816660C218EDC65007F0AAF /* Logger.swift */; };
		78832A0E213399F700410419 /* Keldeo.framework in Frameworks */ = {isa = PBXBuildFile; fileRef = 78832A04213399F700410419 /* Keldeo.framework */; };
		78832A13213399F700410419 /* KeldeoTests.swift in Sources */ = {isa = PBXBuildFile; fileRef = 78832A12213399F700410419 /* KeldeoTests.swift */; };
		78832A15213399F700410419 /* Keldeo.h in Headers */ = {isa = PBXBuildFile; fileRef = 78832A07213399F700410419 /* Keldeo.h */; settings = {ATTRIBUTES = (Public, ); }; };
		78832A2521339A3400410419 /* FileLogger.swift in Sources */ = {isa = PBXBuildFile; fileRef = 78832A1E21339A3400410419 /* FileLogger.swift */; };
		78832A2621339A3400410419 /* Logging.swift in Sources */ = {isa = PBXBuildFile; fileRef = 78832A1F21339A3400410419 /* Logging.swift */; };
		78832A2721339A3400410419 /* ConsoleLogger.swift in Sources */ = {isa = PBXBuildFile; fileRef = 78832A2021339A3400410419 /* ConsoleLogger.swift */; };
		78832A2821339A3400410419 /* WebLogger.swift in Sources */ = {isa = PBXBuildFile; fileRef = 78832A2121339A3400410419 /* WebLogger.swift */; };
		78832A2921339A3400410419 /* Formatter.swift in Sources */ = {isa = PBXBuildFile; fileRef = 78832A2221339A3400410419 /* Formatter.swift */; };
		78832A2B21339A3400410419 /* Message.swift in Sources */ = {isa = PBXBuildFile; fileRef = 78832A2421339A3400410419 /* Message.swift */; };
		78832A2D21339A9D00410419 /* LevelTests.swift in Sources */ = {isa = PBXBuildFile; fileRef = 78832A2C21339A9D00410419 /* LevelTests.swift */; };
		78832A3521339AE000410419 /* AppDelegate.swift in Sources */ = {isa = PBXBuildFile; fileRef = 78832A3421339AE000410419 /* AppDelegate.swift */; };
		78832A3721339AE000410419 /* ViewController.swift in Sources */ = {isa = PBXBuildFile; fileRef = 78832A3621339AE000410419 /* ViewController.swift */; };
		78832A3A21339AE000410419 /* Main.storyboard in Resources */ = {isa = PBXBuildFile; fileRef = 78832A3821339AE000410419 /* Main.storyboard */; };
		78832A3C21339AE200410419 /* Assets.xcassets in Resources */ = {isa = PBXBuildFile; fileRef = 78832A3B21339AE200410419 /* Assets.xcassets */; };
		78832A3F21339AE200410419 /* LaunchScreen.storyboard in Resources */ = {isa = PBXBuildFile; fileRef = 78832A3D21339AE200410419 /* LaunchScreen.storyboard */; };
		78832A4A21339AE300410419 /* AlligatorTests.swift in Sources */ = {isa = PBXBuildFile; fileRef = 78832A4921339AE300410419 /* AlligatorTests.swift */; };
		78832A5221339B0600410419 /* Keldeo.framework in Frameworks */ = {isa = PBXBuildFile; fileRef = 78832A04213399F700410419 /* Keldeo.framework */; };
		78832A5321339B0600410419 /* Keldeo.framework in Embed Frameworks */ = {isa = PBXBuildFile; fileRef = 78832A04213399F700410419 /* Keldeo.framework */; settings = {ATTRIBUTES = (CodeSignOnCopy, RemoveHeadersOnCopy, ); }; };
/* End PBXBuildFile section */

/* Begin PBXContainerItemProxy section */
		78832A0F213399F700410419 /* PBXContainerItemProxy */ = {
			isa = PBXContainerItemProxy;
			containerPortal = 788329FB213399F600410419 /* Project object */;
			proxyType = 1;
			remoteGlobalIDString = 78832A03213399F700410419;
			remoteInfo = Keldeo;
		};
		78832A4621339AE300410419 /* PBXContainerItemProxy */ = {
			isa = PBXContainerItemProxy;
			containerPortal = 788329FB213399F600410419 /* Project object */;
			proxyType = 1;
			remoteGlobalIDString = 78832A3121339ADF00410419;
			remoteInfo = Alligator;
		};
		78832A5421339B0600410419 /* PBXContainerItemProxy */ = {
			isa = PBXContainerItemProxy;
			containerPortal = 788329FB213399F600410419 /* Project object */;
			proxyType = 1;
			remoteGlobalIDString = 78832A03213399F700410419;
			remoteInfo = Keldeo;
		};
/* End PBXContainerItemProxy section */

/* Begin PBXCopyFilesBuildPhase section */
		78832A5621339B0600410419 /* Embed Frameworks */ = {
			isa = PBXCopyFilesBuildPhase;
			buildActionMask = 2147483647;
			dstPath = "";
			dstSubfolderSpec = 10;
			files = (
				78832A5321339B0600410419 /* Keldeo.framework in Embed Frameworks */,
			);
			name = "Embed Frameworks";
			runOnlyForDeploymentPostprocessing = 0;
		};
/* End PBXCopyFilesBuildPhase section */

/* Begin PBXFileReference section */
		7816660C218EDC65007F0AAF /* Logger.swift */ = {isa = PBXFileReference; fileEncoding = 4; lastKnownFileType = sourcecode.swift; path = Logger.swift; sourceTree = "<group>"; };
		78832A04213399F700410419 /* Keldeo.framework */ = {isa = PBXFileReference; explicitFileType = wrapper.framework; includeInIndex = 0; path = Keldeo.framework; sourceTree = BUILT_PRODUCTS_DIR; };
		78832A07213399F700410419 /* Keldeo.h */ = {isa = PBXFileReference; lastKnownFileType = sourcecode.c.h; path = Keldeo.h; sourceTree = "<group>"; };
		78832A08213399F700410419 /* Info.plist */ = {isa = PBXFileReference; lastKnownFileType = text.plist.xml; path = Info.plist; sourceTree = "<group>"; };
		78832A0D213399F700410419 /* KeldeoTests.xctest */ = {isa = PBXFileReference; explicitFileType = wrapper.cfbundle; includeInIndex = 0; path = KeldeoTests.xctest; sourceTree = BUILT_PRODUCTS_DIR; };
		78832A12213399F700410419 /* KeldeoTests.swift */ = {isa = PBXFileReference; lastKnownFileType = sourcecode.swift; path = KeldeoTests.swift; sourceTree = "<group>"; };
		78832A14213399F700410419 /* Info.plist */ = {isa = PBXFileReference; lastKnownFileType = text.plist.xml; path = Info.plist; sourceTree = "<group>"; };
		78832A1E21339A3400410419 /* FileLogger.swift */ = {isa = PBXFileReference; fileEncoding = 4; lastKnownFileType = sourcecode.swift; path = FileLogger.swift; sourceTree = "<group>"; };
		78832A1F21339A3400410419 /* Logging.swift */ = {isa = PBXFileReference; fileEncoding = 4; lastKnownFileType = sourcecode.swift; path = Logging.swift; sourceTree = "<group>"; };
		78832A2021339A3400410419 /* ConsoleLogger.swift */ = {isa = PBXFileReference; fileEncoding = 4; lastKnownFileType = sourcecode.swift; path = ConsoleLogger.swift; sourceTree = "<group>"; };
		78832A2121339A3400410419 /* WebLogger.swift */ = {isa = PBXFileReference; fileEncoding = 4; lastKnownFileType = sourcecode.swift; path = WebLogger.swift; sourceTree = "<group>"; };
		78832A2221339A3400410419 /* Formatter.swift */ = {isa = PBXFileReference; fileEncoding = 4; lastKnownFileType = sourcecode.swift; path = Formatter.swift; sourceTree = "<group>"; };
		78832A2421339A3400410419 /* Message.swift */ = {isa = PBXFileReference; fileEncoding = 4; lastKnownFileType = sourcecode.swift; path = Message.swift; sourceTree = "<group>"; };
		78832A2C21339A9D00410419 /* LevelTests.swift */ = {isa = PBXFileReference; fileEncoding = 4; lastKnownFileType = sourcecode.swift; path = LevelTests.swift; sourceTree = "<group>"; };
		78832A3221339ADF00410419 /* Alligator.app */ = {isa = PBXFileReference; explicitFileType = wrapper.application; includeInIndex = 0; path = Alligator.app; sourceTree = BUILT_PRODUCTS_DIR; };
		78832A3421339AE000410419 /* AppDelegate.swift */ = {isa = PBXFileReference; lastKnownFileType = sourcecode.swift; path = AppDelegate.swift; sourceTree = "<group>"; };
		78832A3621339AE000410419 /* ViewController.swift */ = {isa = PBXFileReference; lastKnownFileType = sourcecode.swift; path = ViewController.swift; sourceTree = "<group>"; };
		78832A3921339AE000410419 /* Base */ = {isa = PBXFileReference; lastKnownFileType = file.storyboard; name = Base; path = Base.lproj/Main.storyboard; sourceTree = "<group>"; };
		78832A3B21339AE200410419 /* Assets.xcassets */ = {isa = PBXFileReference; lastKnownFileType = folder.assetcatalog; path = Assets.xcassets; sourceTree = "<group>"; };
		78832A3E21339AE200410419 /* Base */ = {isa = PBXFileReference; lastKnownFileType = file.storyboard; name = Base; path = Base.lproj/LaunchScreen.storyboard; sourceTree = "<group>"; };
		78832A4021339AE200410419 /* Info.plist */ = {isa = PBXFileReference; lastKnownFileType = text.plist.xml; path = Info.plist; sourceTree = "<group>"; };
		78832A4521339AE300410419 /* AlligatorTests.xctest */ = {isa = PBXFileReference; explicitFileType = wrapper.cfbundle; includeInIndex = 0; path = AlligatorTests.xctest; sourceTree = BUILT_PRODUCTS_DIR; };
		78832A4921339AE300410419 /* AlligatorTests.swift */ = {isa = PBXFileReference; lastKnownFileType = sourcecode.swift; path = AlligatorTests.swift; sourceTree = "<group>"; };
		78832A4B21339AE300410419 /* Info.plist */ = {isa = PBXFileReference; lastKnownFileType = text.plist.xml; path = Info.plist; sourceTree = "<group>"; };
/* End PBXFileReference section */

/* Begin PBXFrameworksBuildPhase section */
		78832A01213399F700410419 /* Frameworks */ = {
			isa = PBXFrameworksBuildPhase;
			buildActionMask = 2147483647;
			files = (
			);
			runOnlyForDeploymentPostprocessing = 0;
		};
		78832A0A213399F700410419 /* Frameworks */ = {
			isa = PBXFrameworksBuildPhase;
			buildActionMask = 2147483647;
			files = (
				78832A0E213399F700410419 /* Keldeo.framework in Frameworks */,
			);
			runOnlyForDeploymentPostprocessing = 0;
		};
		78832A2F21339ADF00410419 /* Frameworks */ = {
			isa = PBXFrameworksBuildPhase;
			buildActionMask = 2147483647;
			files = (
				78832A5221339B0600410419 /* Keldeo.framework in Frameworks */,
			);
			runOnlyForDeploymentPostprocessing = 0;
		};
		78832A4221339AE300410419 /* Frameworks */ = {
			isa = PBXFrameworksBuildPhase;
			buildActionMask = 2147483647;
			files = (
			);
			runOnlyForDeploymentPostprocessing = 0;
		};
/* End PBXFrameworksBuildPhase section */

/* Begin PBXGroup section */
		788329FA213399F600410419 = {
			isa = PBXGroup;
			children = (
				78832A06213399F700410419 /* Keldeo */,
				78832A11213399F700410419 /* KeldeoTests */,
				78832A3321339AE000410419 /* Alligator */,
				78832A4821339AE300410419 /* AlligatorTests */,
				78832A05213399F700410419 /* Products */,
			);
			sourceTree = "<group>";
		};
		78832A05213399F700410419 /* Products */ = {
			isa = PBXGroup;
			children = (
				78832A04213399F700410419 /* Keldeo.framework */,
				78832A0D213399F700410419 /* KeldeoTests.xctest */,
				78832A3221339ADF00410419 /* Alligator.app */,
				78832A4521339AE300410419 /* AlligatorTests.xctest */,
			);
			name = Products;
			sourceTree = "<group>";
		};
		78832A06213399F700410419 /* Keldeo */ = {
			isa = PBXGroup;
			children = (
				7816660C218EDC65007F0AAF /* Logger.swift */,
				78832A2021339A3400410419 /* ConsoleLogger.swift */,
				78832A1E21339A3400410419 /* FileLogger.swift */,
				78832A2221339A3400410419 /* Formatter.swift */,
				78832A1F21339A3400410419 /* Logging.swift */,
				78832A2421339A3400410419 /* Message.swift */,
				78832A2121339A3400410419 /* WebLogger.swift */,
				78832A07213399F700410419 /* Keldeo.h */,
				78832A08213399F700410419 /* Info.plist */,
			);
			path = Keldeo;
			sourceTree = "<group>";
		};
		78832A11213399F700410419 /* KeldeoTests */ = {
			isa = PBXGroup;
			children = (
				78832A2C21339A9D00410419 /* LevelTests.swift */,
				78832A12213399F700410419 /* KeldeoTests.swift */,
				78832A14213399F700410419 /* Info.plist */,
			);
			path = KeldeoTests;
			sourceTree = "<group>";
		};
		78832A3321339AE000410419 /* Alligator */ = {
			isa = PBXGroup;
			children = (
				78832A3421339AE000410419 /* AppDelegate.swift */,
				78832A3621339AE000410419 /* ViewController.swift */,
				78832A3821339AE000410419 /* Main.storyboard */,
				78832A3B21339AE200410419 /* Assets.xcassets */,
				78832A3D21339AE200410419 /* LaunchScreen.storyboard */,
				78832A4021339AE200410419 /* Info.plist */,
			);
			path = Alligator;
			sourceTree = "<group>";
		};
		78832A4821339AE300410419 /* AlligatorTests */ = {
			isa = PBXGroup;
			children = (
				78832A4921339AE300410419 /* AlligatorTests.swift */,
				78832A4B21339AE300410419 /* Info.plist */,
			);
			path = AlligatorTests;
			sourceTree = "<group>";
		};
/* End PBXGroup section */

/* Begin PBXHeadersBuildPhase section */
		788329FF213399F700410419 /* Headers */ = {
			isa = PBXHeadersBuildPhase;
			buildActionMask = 2147483647;
			files = (
				78832A15213399F700410419 /* Keldeo.h in Headers */,
			);
			runOnlyForDeploymentPostprocessing = 0;
		};
/* End PBXHeadersBuildPhase section */

/* Begin PBXNativeTarget section */
		78832A03213399F700410419 /* Keldeo */ = {
			isa = PBXNativeTarget;
			buildConfigurationList = 78832A18213399F700410419 /* Build configuration list for PBXNativeTarget "Keldeo" */;
			buildPhases = (
				788329FF213399F700410419 /* Headers */,
				78832A00213399F700410419 /* Sources */,
				78832A01213399F700410419 /* Frameworks */,
				78832A02213399F700410419 /* Resources */,
			);
			buildRules = (
			);
			dependencies = (
			);
			name = Keldeo;
			productName = Keldeo;
			productReference = 78832A04213399F700410419 /* Keldeo.framework */;
			productType = "com.apple.product-type.framework";
		};
		78832A0C213399F700410419 /* KeldeoTests */ = {
			isa = PBXNativeTarget;
			buildConfigurationList = 78832A1B213399F700410419 /* Build configuration list for PBXNativeTarget "KeldeoTests" */;
			buildPhases = (
				78832A09213399F700410419 /* Sources */,
				78832A0A213399F700410419 /* Frameworks */,
				78832A0B213399F700410419 /* Resources */,
			);
			buildRules = (
			);
			dependencies = (
				78832A10213399F700410419 /* PBXTargetDependency */,
			);
			name = KeldeoTests;
			productName = KeldeoTests;
			productReference = 78832A0D213399F700410419 /* KeldeoTests.xctest */;
			productType = "com.apple.product-type.bundle.unit-test";
		};
		78832A3121339ADF00410419 /* Alligator */ = {
			isa = PBXNativeTarget;
			buildConfigurationList = 78832A4C21339AE300410419 /* Build configuration list for PBXNativeTarget "Alligator" */;
			buildPhases = (
				78832A2E21339ADF00410419 /* Sources */,
				78832A2F21339ADF00410419 /* Frameworks */,
				78832A3021339ADF00410419 /* Resources */,
				78832A5621339B0600410419 /* Embed Frameworks */,
			);
			buildRules = (
			);
			dependencies = (
				78832A5521339B0600410419 /* PBXTargetDependency */,
			);
			name = Alligator;
			productName = Alligator;
			productReference = 78832A3221339ADF00410419 /* Alligator.app */;
			productType = "com.apple.product-type.application";
		};
		78832A4421339AE300410419 /* AlligatorTests */ = {
			isa = PBXNativeTarget;
			buildConfigurationList = 78832A4F21339AE300410419 /* Build configuration list for PBXNativeTarget "AlligatorTests" */;
			buildPhases = (
				78832A4121339AE300410419 /* Sources */,
				78832A4221339AE300410419 /* Frameworks */,
				78832A4321339AE300410419 /* Resources */,
			);
			buildRules = (
			);
			dependencies = (
				78832A4721339AE300410419 /* PBXTargetDependency */,
			);
			name = AlligatorTests;
			productName = AlligatorTests;
			productReference = 78832A4521339AE300410419 /* AlligatorTests.xctest */;
			productType = "com.apple.product-type.bundle.unit-test";
		};
/* End PBXNativeTarget section */

/* Begin PBXProject section */
		788329FB213399F600410419 /* Project object */ = {
			isa = PBXProject;
			attributes = {
				LastSwiftUpdateCheck = 1000;
				LastUpgradeCheck = 1000;
				ORGANIZATIONNAME = blessingsoftware;
				TargetAttributes = {
					78832A03213399F700410419 = {
						CreatedOnToolsVersion = 10.0;
						LastSwiftMigration = 1000;
					};
					78832A0C213399F700410419 = {
						CreatedOnToolsVersion = 10.0;
					};
					78832A3121339ADF00410419 = {
						CreatedOnToolsVersion = 10.0;
					};
					78832A4421339AE300410419 = {
						CreatedOnToolsVersion = 10.0;
						TestTargetID = 78832A3121339ADF00410419;
					};
				};
			};
			buildConfigurationList = 788329FE213399F600410419 /* Build configuration list for PBXProject "Keldeo" */;
			compatibilityVersion = "Xcode 9.3";
			developmentRegion = en;
			hasScannedForEncodings = 0;
			knownRegions = (
				en,
				Base,
			);
			mainGroup = 788329FA213399F600410419;
			productRefGroup = 78832A05213399F700410419 /* Products */;
			projectDirPath = "";
			projectRoot = "";
			targets = (
				78832A03213399F700410419 /* Keldeo */,
				78832A0C213399F700410419 /* KeldeoTests */,
				78832A3121339ADF00410419 /* Alligator */,
				78832A4421339AE300410419 /* AlligatorTests */,
			);
		};
/* End PBXProject section */

/* Begin PBXResourcesBuildPhase section */
		78832A02213399F700410419 /* Resources */ = {
			isa = PBXResourcesBuildPhase;
			buildActionMask = 2147483647;
			files = (
			);
			runOnlyForDeploymentPostprocessing = 0;
		};
		78832A0B213399F700410419 /* Resources */ = {
			isa = PBXResourcesBuildPhase;
			buildActionMask = 2147483647;
			files = (
			);
			runOnlyForDeploymentPostprocessing = 0;
		};
		78832A3021339ADF00410419 /* Resources */ = {
			isa = PBXResourcesBuildPhase;
			buildActionMask = 2147483647;
			files = (
				78832A3F21339AE200410419 /* LaunchScreen.storyboard in Resources */,
				78832A3C21339AE200410419 /* Assets.xcassets in Resources */,
				78832A3A21339AE000410419 /* Main.storyboard in Resources */,
			);
			runOnlyForDeploymentPostprocessing = 0;
		};
		78832A4321339AE300410419 /* Resources */ = {
			isa = PBXResourcesBuildPhase;
			buildActionMask = 2147483647;
			files = (
			);
			runOnlyForDeploymentPostprocessing = 0;
		};
/* End PBXResourcesBuildPhase section */

/* Begin PBXSourcesBuildPhase section */
		78832A00213399F700410419 /* Sources */ = {
			isa = PBXSourcesBuildPhase;
			buildActionMask = 2147483647;
			files = (
				78832A2821339A3400410419 /* WebLogger.swift in Sources */,
				78832A2721339A3400410419 /* ConsoleLogger.swift in Sources */,
				78832A2921339A3400410419 /* Formatter.swift in Sources */,
				78832A2521339A3400410419 /* FileLogger.swift in Sources */,
				78832A2621339A3400410419 /* Logging.swift in Sources */,
				78832A2B21339A3400410419 /* Message.swift in Sources */,
				7816660D218EDC65007F0AAF /* Logger.swift in Sources */,
			);
			runOnlyForDeploymentPostprocessing = 0;
		};
		78832A09213399F700410419 /* Sources */ = {
			isa = PBXSourcesBuildPhase;
			buildActionMask = 2147483647;
			files = (
				78832A2D21339A9D00410419 /* LevelTests.swift in Sources */,
				78832A13213399F700410419 /* KeldeoTests.swift in Sources */,
			);
			runOnlyForDeploymentPostprocessing = 0;
		};
		78832A2E21339ADF00410419 /* Sources */ = {
			isa = PBXSourcesBuildPhase;
			buildActionMask = 2147483647;
			files = (
				78832A3721339AE000410419 /* ViewController.swift in Sources */,
				78832A3521339AE000410419 /* AppDelegate.swift in Sources */,
			);
			runOnlyForDeploymentPostprocessing = 0;
		};
		78832A4121339AE300410419 /* Sources */ = {
			isa = PBXSourcesBuildPhase;
			buildActionMask = 2147483647;
			files = (
				78832A4A21339AE300410419 /* AlligatorTests.swift in Sources */,
			);
			runOnlyForDeploymentPostprocessing = 0;
		};
/* End PBXSourcesBuildPhase section */

/* Begin PBXTargetDependency section */
		78832A10213399F700410419 /* PBXTargetDependency */ = {
			isa = PBXTargetDependency;
			target = 78832A03213399F700410419 /* Keldeo */;
			targetProxy = 78832A0F213399F700410419 /* PBXContainerItemProxy */;
		};
		78832A4721339AE300410419 /* PBXTargetDependency */ = {
			isa = PBXTargetDependency;
			target = 78832A3121339ADF00410419 /* Alligator */;
			targetProxy = 78832A4621339AE300410419 /* PBXContainerItemProxy */;
		};
		78832A5521339B0600410419 /* PBXTargetDependency */ = {
			isa = PBXTargetDependency;
			target = 78832A03213399F700410419 /* Keldeo */;
			targetProxy = 78832A5421339B0600410419 /* PBXContainerItemProxy */;
		};
/* End PBXTargetDependency section */

/* Begin PBXVariantGroup section */
		78832A3821339AE000410419 /* Main.storyboard */ = {
			isa = PBXVariantGroup;
			children = (
				78832A3921339AE000410419 /* Base */,
			);
			name = Main.storyboard;
			sourceTree = "<group>";
		};
		78832A3D21339AE200410419 /* LaunchScreen.storyboard */ = {
			isa = PBXVariantGroup;
			children = (
				78832A3E21339AE200410419 /* Base */,
			);
			name = LaunchScreen.storyboard;
			sourceTree = "<group>";
		};
/* End PBXVariantGroup section */

/* Begin XCBuildConfiguration section */
		78832A16213399F700410419 /* Debug */ = {
			isa = XCBuildConfiguration;
			buildSettings = {
				ALWAYS_SEARCH_USER_PATHS = NO;
				CLANG_ANALYZER_NONNULL = YES;
				CLANG_ANALYZER_NUMBER_OBJECT_CONVERSION = YES_AGGRESSIVE;
				CLANG_CXX_LANGUAGE_STANDARD = "gnu++14";
				CLANG_CXX_LIBRARY = "libc++";
				CLANG_ENABLE_MODULES = YES;
				CLANG_ENABLE_OBJC_ARC = YES;
				CLANG_ENABLE_OBJC_WEAK = YES;
				CLANG_WARN_BLOCK_CAPTURE_AUTORELEASING = YES;
				CLANG_WARN_BOOL_CONVERSION = YES;
				CLANG_WARN_COMMA = YES;
				CLANG_WARN_CONSTANT_CONVERSION = YES;
				CLANG_WARN_DEPRECATED_OBJC_IMPLEMENTATIONS = YES;
				CLANG_WARN_DIRECT_OBJC_ISA_USAGE = YES_ERROR;
				CLANG_WARN_DOCUMENTATION_COMMENTS = YES;
				CLANG_WARN_EMPTY_BODY = YES;
				CLANG_WARN_ENUM_CONVERSION = YES;
				CLANG_WARN_INFINITE_RECURSION = YES;
				CLANG_WARN_INT_CONVERSION = YES;
				CLANG_WARN_NON_LITERAL_NULL_CONVERSION = YES;
				CLANG_WARN_OBJC_IMPLICIT_RETAIN_SELF = YES;
				CLANG_WARN_OBJC_LITERAL_CONVERSION = YES;
				CLANG_WARN_OBJC_ROOT_CLASS = YES_ERROR;
				CLANG_WARN_RANGE_LOOP_ANALYSIS = YES;
				CLANG_WARN_STRICT_PROTOTYPES = YES;
				CLANG_WARN_SUSPICIOUS_MOVE = YES;
				CLANG_WARN_UNGUARDED_AVAILABILITY = YES_AGGRESSIVE;
				CLANG_WARN_UNREACHABLE_CODE = YES;
				CLANG_WARN__DUPLICATE_METHOD_MATCH = YES;
				CODE_SIGN_IDENTITY = "iPhone Developer";
				COPY_PHASE_STRIP = NO;
				CURRENT_PROJECT_VERSION = 1;
				DEBUG_INFORMATION_FORMAT = dwarf;
				ENABLE_STRICT_OBJC_MSGSEND = YES;
				ENABLE_TESTABILITY = YES;
				GCC_C_LANGUAGE_STANDARD = gnu11;
				GCC_DYNAMIC_NO_PIC = NO;
				GCC_NO_COMMON_BLOCKS = YES;
				GCC_OPTIMIZATION_LEVEL = 0;
				GCC_PREPROCESSOR_DEFINITIONS = (
					"DEBUG=1",
					"$(inherited)",
				);
				GCC_WARN_64_TO_32_BIT_CONVERSION = YES;
				GCC_WARN_ABOUT_RETURN_TYPE = YES_ERROR;
				GCC_WARN_UNDECLARED_SELECTOR = YES;
				GCC_WARN_UNINITIALIZED_AUTOS = YES_AGGRESSIVE;
				GCC_WARN_UNUSED_FUNCTION = YES;
				GCC_WARN_UNUSED_VARIABLE = YES;
				IPHONEOS_DEPLOYMENT_TARGET = 11.0;
				MTL_ENABLE_DEBUG_INFO = INCLUDE_SOURCE;
				MTL_FAST_MATH = YES;
				ONLY_ACTIVE_ARCH = YES;
				SDKROOT = iphoneos;
				SWIFT_ACTIVE_COMPILATION_CONDITIONS = DEBUG;
				SWIFT_OPTIMIZATION_LEVEL = "-Onone";
				VERSIONING_SYSTEM = "apple-generic";
				VERSION_INFO_PREFIX = "";
			};
			name = Debug;
		};
		78832A17213399F700410419 /* Release */ = {
			isa = XCBuildConfiguration;
			buildSettings = {
				ALWAYS_SEARCH_USER_PATHS = NO;
				CLANG_ANALYZER_NONNULL = YES;
				CLANG_ANALYZER_NUMBER_OBJECT_CONVERSION = YES_AGGRESSIVE;
				CLANG_CXX_LANGUAGE_STANDARD = "gnu++14";
				CLANG_CXX_LIBRARY = "libc++";
				CLANG_ENABLE_MODULES = YES;
				CLANG_ENABLE_OBJC_ARC = YES;
				CLANG_ENABLE_OBJC_WEAK = YES;
				CLANG_WARN_BLOCK_CAPTURE_AUTORELEASING = YES;
				CLANG_WARN_BOOL_CONVERSION = YES;
				CLANG_WARN_COMMA = YES;
				CLANG_WARN_CONSTANT_CONVERSION = YES;
				CLANG_WARN_DEPRECATED_OBJC_IMPLEMENTATIONS = YES;
				CLANG_WARN_DIRECT_OBJC_ISA_USAGE = YES_ERROR;
				CLANG_WARN_DOCUMENTATION_COMMENTS = YES;
				CLANG_WARN_EMPTY_BODY = YES;
				CLANG_WARN_ENUM_CONVERSION = YES;
				CLANG_WARN_INFINITE_RECURSION = YES;
				CLANG_WARN_INT_CONVERSION = YES;
				CLANG_WARN_NON_LITERAL_NULL_CONVERSION = YES;
				CLANG_WARN_OBJC_IMPLICIT_RETAIN_SELF = YES;
				CLANG_WARN_OBJC_LITERAL_CONVERSION = YES;
				CLANG_WARN_OBJC_ROOT_CLASS = YES_ERROR;
				CLANG_WARN_RANGE_LOOP_ANALYSIS = YES;
				CLANG_WARN_STRICT_PROTOTYPES = YES;
				CLANG_WARN_SUSPICIOUS_MOVE = YES;
				CLANG_WARN_UNGUARDED_AVAILABILITY = YES_AGGRESSIVE;
				CLANG_WARN_UNREACHABLE_CODE = YES;
				CLANG_WARN__DUPLICATE_METHOD_MATCH = YES;
				CODE_SIGN_IDENTITY = "iPhone Developer";
				COPY_PHASE_STRIP = NO;
				CURRENT_PROJECT_VERSION = 1;
				DEBUG_INFORMATION_FORMAT = "dwarf-with-dsym";
				ENABLE_NS_ASSERTIONS = NO;
				ENABLE_STRICT_OBJC_MSGSEND = YES;
				GCC_C_LANGUAGE_STANDARD = gnu11;
				GCC_NO_COMMON_BLOCKS = YES;
				GCC_WARN_64_TO_32_BIT_CONVERSION = YES;
				GCC_WARN_ABOUT_RETURN_TYPE = YES_ERROR;
				GCC_WARN_UNDECLARED_SELECTOR = YES;
				GCC_WARN_UNINITIALIZED_AUTOS = YES_AGGRESSIVE;
				GCC_WARN_UNUSED_FUNCTION = YES;
				GCC_WARN_UNUSED_VARIABLE = YES;
				IPHONEOS_DEPLOYMENT_TARGET = 11.0;
				MTL_ENABLE_DEBUG_INFO = NO;
				MTL_FAST_MATH = YES;
				SDKROOT = iphoneos;
				SWIFT_COMPILATION_MODE = wholemodule;
				SWIFT_OPTIMIZATION_LEVEL = "-O";
				VALIDATE_PRODUCT = YES;
				VERSIONING_SYSTEM = "apple-generic";
				VERSION_INFO_PREFIX = "";
			};
			name = Release;
		};
		78832A19213399F700410419 /* Debug */ = {
			isa = XCBuildConfiguration;
			buildSettings = {
				CLANG_ENABLE_MODULES = YES;
				CODE_SIGN_IDENTITY = "";
				CODE_SIGN_STYLE = Automatic;
				DEFINES_MODULE = YES;
				DYLIB_COMPATIBILITY_VERSION = 1;
				DYLIB_CURRENT_VERSION = 1;
				DYLIB_INSTALL_NAME_BASE = "@rpath";
				INFOPLIST_FILE = Keldeo/Info.plist;
				INSTALL_PATH = "$(LOCAL_LIBRARY_DIR)/Frameworks";
				IPHONEOS_DEPLOYMENT_TARGET = 11.0;
				LD_RUNPATH_SEARCH_PATHS = (
					"$(inherited)",
					"@executable_path/Frameworks",
					"@loader_path/Frameworks",
				);
				PRODUCT_BUNDLE_IDENTIFIER = com.xspyhack.Keldeo;
				PRODUCT_NAME = "$(TARGET_NAME:c99extidentifier)";
				SKIP_INSTALL = YES;
				SWIFT_OPTIMIZATION_LEVEL = "-Onone";
				SWIFT_VERSION = 4.2;
				TARGETED_DEVICE_FAMILY = "1,2";
			};
			name = Debug;
		};
		78832A1A213399F700410419 /* Release */ = {
			isa = XCBuildConfiguration;
			buildSettings = {
				CLANG_ENABLE_MODULES = YES;
				CODE_SIGN_IDENTITY = "";
				CODE_SIGN_STYLE = Automatic;
				DEFINES_MODULE = YES;
				DYLIB_COMPATIBILITY_VERSION = 1;
				DYLIB_CURRENT_VERSION = 1;
				DYLIB_INSTALL_NAME_BASE = "@rpath";
				INFOPLIST_FILE = Keldeo/Info.plist;
				INSTALL_PATH = "$(LOCAL_LIBRARY_DIR)/Frameworks";
				IPHONEOS_DEPLOYMENT_TARGET = 11.0;
				LD_RUNPATH_SEARCH_PATHS = (
					"$(inherited)",
					"@executable_path/Frameworks",
					"@loader_path/Frameworks",
				);
				PRODUCT_BUNDLE_IDENTIFIER = com.xspyhack.Keldeo;
				PRODUCT_NAME = "$(TARGET_NAME:c99extidentifier)";
				SKIP_INSTALL = YES;
				SWIFT_VERSION = 4.2;
				TARGETED_DEVICE_FAMILY = "1,2";
			};
			name = Release;
		};
		78832A1C213399F700410419 /* Debug */ = {
			isa = XCBuildConfiguration;
			buildSettings = {
				ALWAYS_EMBED_SWIFT_STANDARD_LIBRARIES = YES;
				CODE_SIGN_STYLE = Automatic;
				INFOPLIST_FILE = KeldeoTests/Info.plist;
				LD_RUNPATH_SEARCH_PATHS = (
					"$(inherited)",
					"@executable_path/Frameworks",
					"@loader_path/Frameworks",
				);
				PRODUCT_BUNDLE_IDENTIFIER = com.xspyhack.KeldeoTests;
				PRODUCT_NAME = "$(TARGET_NAME)";
				SWIFT_VERSION = 4.2;
				TARGETED_DEVICE_FAMILY = "1,2";
			};
			name = Debug;
		};
		78832A1D213399F700410419 /* Release */ = {
			isa = XCBuildConfiguration;
			buildSettings = {
				ALWAYS_EMBED_SWIFT_STANDARD_LIBRARIES = YES;
				CODE_SIGN_STYLE = Automatic;
				INFOPLIST_FILE = KeldeoTests/Info.plist;
				LD_RUNPATH_SEARCH_PATHS = (
					"$(inherited)",
					"@executable_path/Frameworks",
					"@loader_path/Frameworks",
				);
				PRODUCT_BUNDLE_IDENTIFIER = com.xspyhack.KeldeoTests;
				PRODUCT_NAME = "$(TARGET_NAME)";
				SWIFT_VERSION = 4.2;
				TARGETED_DEVICE_FAMILY = "1,2";
			};
			name = Release;
		};
		78832A4D21339AE300410419 /* Debug */ = {
			isa = XCBuildConfiguration;
			buildSettings = {
				ALWAYS_EMBED_SWIFT_STANDARD_LIBRARIES = YES;
				ASSETCATALOG_COMPILER_APPICON_NAME = AppIcon;
				CODE_SIGN_STYLE = Automatic;
				DEVELOPMENT_TEAM = "";
				INFOPLIST_FILE = Alligator/Info.plist;
				IPHONEOS_DEPLOYMENT_TARGET = 11.0;
				LD_RUNPATH_SEARCH_PATHS = (
					"$(inherited)",
					"@executable_path/Frameworks",
				);
				PRODUCT_BUNDLE_IDENTIFIER = com.xspyhack.Alligator;
				PRODUCT_NAME = "$(TARGET_NAME)";
				SWIFT_VERSION = 4.2;
				TARGETED_DEVICE_FAMILY = "1,2";
			};
			name = Debug;
		};
		78832A4E21339AE300410419 /* Release */ = {
			isa = XCBuildConfiguration;
			buildSettings = {
				ALWAYS_EMBED_SWIFT_STANDARD_LIBRARIES = YES;
				ASSETCATALOG_COMPILER_APPICON_NAME = AppIcon;
				CODE_SIGN_STYLE = Automatic;
				DEVELOPMENT_TEAM = "";
				INFOPLIST_FILE = Alligator/Info.plist;
				IPHONEOS_DEPLOYMENT_TARGET = 11.0;
				LD_RUNPATH_SEARCH_PATHS = (
					"$(inherited)",
					"@executable_path/Frameworks",
				);
				PRODUCT_BUNDLE_IDENTIFIER = com.xspyhack.Alligator;
				PRODUCT_NAME = "$(TARGET_NAME)";
				SWIFT_VERSION = 4.2;
				TARGETED_DEVICE_FAMILY = "1,2";
			};
			name = Release;
		};
		78832A5021339AE300410419 /* Debug */ = {
			isa = XCBuildConfiguration;
			buildSettings = {
				ALWAYS_EMBED_SWIFT_STANDARD_LIBRARIES = YES;
				BUNDLE_LOADER = "$(TEST_HOST)";
				CODE_SIGN_STYLE = Automatic;
				INFOPLIST_FILE = AlligatorTests/Info.plist;
				LD_RUNPATH_SEARCH_PATHS = (
					"$(inherited)",
					"@executable_path/Frameworks",
					"@loader_path/Frameworks",
				);
				PRODUCT_BUNDLE_IDENTIFIER = com.xspyhack.AlligatorTests;
				PRODUCT_NAME = "$(TARGET_NAME)";
				SWIFT_VERSION = 4.2;
				TARGETED_DEVICE_FAMILY = "1,2";
				TEST_HOST = "$(BUILT_PRODUCTS_DIR)/Alligator.app/Alligator";
			};
			name = Debug;
		};
		78832A5121339AE300410419 /* Release */ = {
			isa = XCBuildConfiguration;
			buildSettings = {
				ALWAYS_EMBED_SWIFT_STANDARD_LIBRARIES = YES;
				BUNDLE_LOADER = "$(TEST_HOST)";
				CODE_SIGN_STYLE = Automatic;
				INFOPLIST_FILE = AlligatorTests/Info.plist;
				LD_RUNPATH_SEARCH_PATHS = (
					"$(inherited)",
					"@executable_path/Frameworks",
					"@loader_path/Frameworks",
				);
				PRODUCT_BUNDLE_IDENTIFIER = com.xspyhack.AlligatorTests;
				PRODUCT_NAME = "$(TARGET_NAME)";
				SWIFT_VERSION = 4.2;
				TARGETED_DEVICE_FAMILY = "1,2";
				TEST_HOST = "$(BUILT_PRODUCTS_DIR)/Alligator.app/Alligator";
			};
			name = Release;
		};
/* End XCBuildConfiguration section */

/* Begin XCConfigurationList section */
		788329FE213399F600410419 /* Build configuration list for PBXProject "Keldeo" */ = {
			isa = XCConfigurationList;
			buildConfigurations = (
				78832A16213399F700410419 /* Debug */,
				78832A17213399F700410419 /* Release */,
			);
			defaultConfigurationIsVisible = 0;
			defaultConfigurationName = Release;
		};
		78832A18213399F700410419 /* Build configuration list for PBXNativeTarget "Keldeo" */ = {
			isa = XCConfigurationList;
			buildConfigurations = (
				78832A19213399F700410419 /* Debug */,
				78832A1A213399F700410419 /* Release */,
			);
			defaultConfigurationIsVisible = 0;
			defaultConfigurationName = Release;
		};
		78832A1B213399F700410419 /* Build configuration list for PBXNativeTarget "KeldeoTests" */ = {
			isa = XCConfigurationList;
			buildConfigurations = (
				78832A1C213399F700410419 /* Debug */,
				78832A1D213399F700410419 /* Release */,
			);
			defaultConfigurationIsVisible = 0;
			defaultConfigurationName = Release;
		};
		78832A4C21339AE300410419 /* Build configuration list for PBXNativeTarget "Alligator" */ = {
			isa = XCConfigurationList;
			buildConfigurations = (
				78832A4D21339AE300410419 /* Debug */,
				78832A4E21339AE300410419 /* Release */,
			);
			defaultConfigurationIsVisible = 0;
			defaultConfigurationName = Release;
		};
		78832A4F21339AE300410419 /* Build configuration list for PBXNativeTarget "AlligatorTests" */ = {
			isa = XCConfigurationList;
			buildConfigurations = (
				78832A5021339AE300410419 /* Debug */,
				78832A5121339AE300410419 /* Release */,
			);
			defaultConfigurationIsVisible = 0;
			defaultConfigurationName = Release;
		};
/* End XCConfigurationList section */
	};
	rootObject = 788329FB213399F600410419 /* Project object */;
}
